
Microsoft Visual Studio Solution File, Format Version 12.00
# Visual Studio 2013
VisualStudioVersion = 12.0.21005.1
MinimumVisualStudioVersion = 10.0.40219.1
Project("{FAE04EC0-301F-11D3-BF4B-00C04F79EFBC}") = "Speaker.Web", "..\..\devHelp\Speaker\Speaker.Web\Speaker.Web.csproj", "{521DF172-0595-4C10-9D3A-A80351200740}"
EndProject
Project("{FAE04EC0-301F-11D3-BF4B-00C04F79EFBC}") = "Speaker.Model", "..\..\devHelp\Speaker\Speaker.Model\Speaker.Model.csproj", "{843F12E3-8C76-43EF-929B-824CB42BC8D4}"
EndProject
Project("{FAE04EC0-301F-11D3-BF4B-00C04F79EFBC}") = "Speaker.Data", "..\..\devHelp\Speaker\Speaker.Data\Speaker.Data.csproj", "{9A327F08-43B4-4B55-96A6-74710480ED39}"
EndProject
Global
	GlobalSection(SolutionConfigurationPlatforms) = preSolution
		Debug|Any CPU = Debug|Any CPU
		Release|Any CPU = Release|Any CPU
	EndGlobalSection
	GlobalSection(ProjectConfigurationPlatforms) = postSolution
		{521DF172-0595-4C10-9D3A-A80351200740}.Debug|Any CPU.ActiveCfg = Debug|Any CPU
		{521DF172-0595-4C10-9D3A-A80351200740}.Debug|Any CPU.Build.0 = Debug|Any CPU
		{521DF172-0595-4C10-9D3A-A80351200740}.Release|Any CPU.ActiveCfg = Release|Any CPU
		{521DF172-0595-4C10-9D3A-A80351200740}.Release|Any CPU.Build.0 = Release|Any CPU
		{843F12E3-8C76-43EF-929B-824CB42BC8D4}.Debug|Any CPU.ActiveCfg = Debug|Any CPU
		{843F12E3-8C76-43EF-929B-824CB42BC8D4}.Debug|Any CPU.Build.0 = Debug|Any CPU
		{843F12E3-8C76-43EF-929B-824CB42BC8D4}.Release|Any CPU.ActiveCfg = Release|Any CPU
		{843F12E3-8C76-43EF-929B-824CB42BC8D4}.Release|Any CPU.Build.0 = Release|Any CPU
		{9A327F08-43B4-4B55-96A6-74710480ED39}.Debug|Any CPU.ActiveCfg = Debug|Any CPU
		{9A327F08-43B4-4B55-96A6-74710480ED39}.Debug|Any CPU.Build.0 = Debug|Any CPU
		{9A327F08-43B4-4B55-96A6-74710480ED39}.Release|Any CPU.ActiveCfg = Release|Any CPU
		{9A327F08-43B4-4B55-96A6-74710480ED39}.Release|Any CPU.Build.0 = Release|Any CPU
	EndGlobalSection
	GlobalSection(SolutionProperties) = preSolution
		HideSolutionNode = FALSE
	EndGlobalSection
EndGlobal
